
Microsoft Visual Studio Solution File, Format Version 12.00
# Visual Studio 2013
VisualStudioVersion = 12.0.21005.1
MinimumVisualStudioVersion = 10.0.40219.1
Project("{6989167D-11E4-40FE-8C1A-2192A86A7E90}") = "CFD 3D", "CFD 3D.vfproj", "{84D08680-463C-4DD1-BF51-66513C606579}"
EndProject
Global
	GlobalSection(SolutionConfigurationPlatforms) = preSolution
		Debug|Win32 = Debug|Win32
		Release|Win32 = Release|Win32
	EndGlobalSection
	GlobalSection(ProjectConfigurationPlatforms) = postSolution
		{84D08680-463C-4DD1-BF51-66513C606579}.Debug|Win32.ActiveCfg = Debug|x64
		{84D08680-463C-4DD1-BF51-66513C606579}.Debug|Win32.Build.0 = Debug|x64
		{84D08680-463C-4DD1-BF51-66513C606579}.Release|Win32.ActiveCfg = Release|Win32
		{84D08680-463C-4DD1-BF51-66513C606579}.Release|Win32.Build.0 = Release|Win32
	EndGlobalSection
	GlobalSection(SolutionProperties) = preSolution
		HideSolutionNode = FALSE
	EndGlobalSection
EndGlobal
